
Microsoft Visual Studio Solution File, Format Version 12.00
# Visual Studio Version 16
VisualStudioVersion = 16.0.31624.102
MinimumVisualStudioVersion = 10.0.40219.1
Project("{9A19103F-16F7-4668-BE54-9A1E7A4F7556}") = "Alex-Andersen", "Alex-Andersen\Alex-Andersen.csproj", "{07320FAA-1FB8-474E-B9AA-213E05DEAB45}"
EndProject
Global
	GlobalSection(SolutionConfigurationPlatforms) = preSolution
		Debug|Any CPU = Debug|Any CPU
		Release|Any CPU = Release|Any CPU
	EndGlobalSection
	GlobalSection(ProjectConfigurationPlatforms) = postSolution
		{07320FAA-1FB8-474E-B9AA-213E05DEAB45}.Debug|Any CPU.ActiveCfg = Debug|Any CPU
		{07320FAA-1FB8-474E-B9AA-213E05DEAB45}.Debug|Any CPU.Build.0 = Debug|Any CPU
		{07320FAA-1FB8-474E-B9AA-213E05DEAB45}.Release|Any CPU.ActiveCfg = Release|Any CPU
		{07320FAA-1FB8-474E-B9AA-213E05DEAB45}.Release|Any CPU.Build.0 = Release|Any CPU
	EndGlobalSection
	GlobalSection(SolutionProperties) = preSolution
		HideSolutionNode = FALSE
	EndGlobalSection
	GlobalSection(ExtensibilityGlobals) = postSolution
		SolutionGuid = {DD90D126-A081-4418-88E0-6CDC45109761}
	EndGlobalSection
EndGlobal
